
Microsoft Visual Studio Solution File, Format Version 12.00
# Visual Studio Version 16
VisualStudioVersion = 25.0.1703.6
MinimumVisualStudioVersion = 10.0.40219.1
Project("{FAE04EC0-301F-11D3-BF4B-00C04F79EFBC}") = "HW_8.1", "HW_8.1\HW_8.1.csproj", "{5B951F3C-C66B-4209-8870-1A28920A0CEF}"
EndProject
Global
	GlobalSection(SolutionConfigurationPlatforms) = preSolution
		Debug|Any CPU = Debug|Any CPU
		Release|Any CPU = Release|Any CPU
	EndGlobalSection
	GlobalSection(ProjectConfigurationPlatforms) = postSolution
		{5B951F3C-C66B-4209-8870-1A28920A0CEF}.Debug|Any CPU.ActiveCfg = Debug|Any CPU
		{5B951F3C-C66B-4209-8870-1A28920A0CEF}.Debug|Any CPU.Build.0 = Debug|Any CPU
		{5B951F3C-C66B-4209-8870-1A28920A0CEF}.Release|Any CPU.ActiveCfg = Release|Any CPU
		{5B951F3C-C66B-4209-8870-1A28920A0CEF}.Release|Any CPU.Build.0 = Release|Any CPU
	EndGlobalSection
	GlobalSection(SolutionProperties) = preSolution
		HideSolutionNode = FALSE
	EndGlobalSection
	GlobalSection(ExtensibilityGlobals) = postSolution
		SolutionGuid = {899FCD75-9919-4477-BAE3-985D78FA1F88}
	EndGlobalSection
EndGlobal
